
Microsoft Visual Studio Solution File, Format Version 12.00
# Visual Studio Version 16
VisualStudioVersion = 16.0.31624.102
MinimumVisualStudioVersion = 10.0.40219.1
Project("{FAE04EC0-301F-11D3-BF4B-00C04F79EFBC}") = "finalFase2", "finalFase2\finalFase2.csproj", "{9B983C09-E201-4B6E-9C8E-8ABDB3B8A234}"
EndProject
Project("{FAE04EC0-301F-11D3-BF4B-00C04F79EFBC}") = "Principal", "Principal\Principal.csproj", "{B2144586-8C28-44BA-8DE1-3819AF32C949}"
EndProject
Global
	GlobalSection(SolutionConfigurationPlatforms) = preSolution
		Debug|Any CPU = Debug|Any CPU
		Release|Any CPU = Release|Any CPU
	EndGlobalSection
	GlobalSection(ProjectConfigurationPlatforms) = postSolution
		{9B983C09-E201-4B6E-9C8E-8ABDB3B8A234}.Debug|Any CPU.ActiveCfg = Debug|Any CPU
		{9B983C09-E201-4B6E-9C8E-8ABDB3B8A234}.Debug|Any CPU.Build.0 = Debug|Any CPU
		{9B983C09-E201-4B6E-9C8E-8ABDB3B8A234}.Release|Any CPU.ActiveCfg = Release|Any CPU
		{9B983C09-E201-4B6E-9C8E-8ABDB3B8A234}.Release|Any CPU.Build.0 = Release|Any CPU
		{B2144586-8C28-44BA-8DE1-3819AF32C949}.Debug|Any CPU.ActiveCfg = Debug|Any CPU
		{B2144586-8C28-44BA-8DE1-3819AF32C949}.Debug|Any CPU.Build.0 = Debug|Any CPU
		{B2144586-8C28-44BA-8DE1-3819AF32C949}.Release|Any CPU.ActiveCfg = Release|Any CPU
		{B2144586-8C28-44BA-8DE1-3819AF32C949}.Release|Any CPU.Build.0 = Release|Any CPU
	EndGlobalSection
	GlobalSection(SolutionProperties) = preSolution
		HideSolutionNode = FALSE
	EndGlobalSection
	GlobalSection(ExtensibilityGlobals) = postSolution
		SolutionGuid = {DF6C4EBD-3E3A-4D7E-9597-8B24FE33E1DB}
	EndGlobalSection
EndGlobal
